{
  "originHash" : "5ec664ce708ea230b41325ace93bc6082dbae674b37961a80a1649d297f0645d",
  "pins" : [
    {
      "identity" : "openpass-ios-sdk",
      "kind" : "remoteSourceControl",
      "location" : "https://github.com/openpass-sso/openpass-ios-sdk",
      "state" : {
        "revision" : "1ea8748a7ccb9e004f39b458b9a3ac5d886e2f0f",
        "version" : "1.1.0"
      }
    }
  ],
  "version" : 3
}
